
Microsoft Visual Studio Solution File, Format Version 12.00
# Visual Studio Version 16
VisualStudioVersion = 16.0.30011.22
MinimumVisualStudioVersion = 10.0.40219.1
Project("{FAE04EC0-301F-11D3-BF4B-00C04F79EFBC}") = "FirstTask", "FirstTask\FirstTask.csproj", "{DA85FDCE-5898-4A4C-BD66-F293BFF4D90A}"
EndProject
Project("{FAE04EC0-301F-11D3-BF4B-00C04F79EFBC}") = "BookstoreLibrary", "BookstoreLibrary\BookstoreLibrary.csproj", "{3D35C356-4485-4970-B4E2-06B5EC5FD20D}"
EndProject
Project("{FAE04EC0-301F-11D3-BF4B-00C04F79EFBC}") = "SecondTask", "SecondTask\SecondTask.csproj", "{4EF39DD8-B7B2-4E21-B96E-EB8B53DF9D0F}"
EndProject
Global
	GlobalSection(SolutionConfigurationPlatforms) = preSolution
		Debug|Any CPU = Debug|Any CPU
		Release|Any CPU = Release|Any CPU
	EndGlobalSection
	GlobalSection(ProjectConfigurationPlatforms) = postSolution
		{DA85FDCE-5898-4A4C-BD66-F293BFF4D90A}.Debug|Any CPU.ActiveCfg = Debug|Any CPU
		{DA85FDCE-5898-4A4C-BD66-F293BFF4D90A}.Debug|Any CPU.Build.0 = Debug|Any CPU
		{DA85FDCE-5898-4A4C-BD66-F293BFF4D90A}.Release|Any CPU.ActiveCfg = Release|Any CPU
		{DA85FDCE-5898-4A4C-BD66-F293BFF4D90A}.Release|Any CPU.Build.0 = Release|Any CPU
		{3D35C356-4485-4970-B4E2-06B5EC5FD20D}.Debug|Any CPU.ActiveCfg = Debug|Any CPU
		{3D35C356-4485-4970-B4E2-06B5EC5FD20D}.Debug|Any CPU.Build.0 = Debug|Any CPU
		{3D35C356-4485-4970-B4E2-06B5EC5FD20D}.Release|Any CPU.ActiveCfg = Release|Any CPU
		{3D35C356-4485-4970-B4E2-06B5EC5FD20D}.Release|Any CPU.Build.0 = Release|Any CPU
		{4EF39DD8-B7B2-4E21-B96E-EB8B53DF9D0F}.Debug|Any CPU.ActiveCfg = Debug|Any CPU
		{4EF39DD8-B7B2-4E21-B96E-EB8B53DF9D0F}.Debug|Any CPU.Build.0 = Debug|Any CPU
		{4EF39DD8-B7B2-4E21-B96E-EB8B53DF9D0F}.Release|Any CPU.ActiveCfg = Release|Any CPU
		{4EF39DD8-B7B2-4E21-B96E-EB8B53DF9D0F}.Release|Any CPU.Build.0 = Release|Any CPU
	EndGlobalSection
	GlobalSection(SolutionProperties) = preSolution
		HideSolutionNode = FALSE
	EndGlobalSection
	GlobalSection(ExtensibilityGlobals) = postSolution
		SolutionGuid = {8DBE8373-09A0-44E9-8EB0-31B1C6C2ECEA}
	EndGlobalSection
EndGlobal
